{
  "name": "sandbox",
  "version": "1.0.0",
  "lockfileVersion": 1,
  "requires": true,
  "dependencies": {
    "ajv": {
      "version": "6.10.2",
      "resolved": "http://artifactory.shuttercorp.net/artifactory/api/npm/npm-composite/ajv/-/ajv-6.10.2.tgz",
      "integrity": "sha1-086gTWsBeyiUrWkED+yLYj60vVI=",
      "dev": true,
      "requires": {
        "fast-deep-equal": "^2.0.1",
        "fast-json-stable-stringify": "^2.0.0",
        "json-schema-traverse": "^0.4.1",
        "uri-js": "^4.2.2"
      }
    },
    "asn1": {
      "version": "0.2.4",
      "resolved": "http://artifactory.shuttercorp.net/artifactory/api/npm/npm-composite/asn1/-/asn1-0.2.4.tgz",
      "integrity": "sha1-jSR136tVO7M+d7VOWeiAu4ziMTY=",
      "dev": true,
      "requires": {
        "safer-buffer": "~2.1.0"
      }
    },
    "assert-plus": {
      "version": "1.0.0",
      "resolved": "http://artifactory.shuttercorp.net/artifactory/api/npm/npm-composite/assert-plus/-/assert-plus-1.0.0.tgz",
      "integrity": "sha1-8S4PPF13sLHN2RRpQuTpbB5N1SU=",
      "dev": true
    },
    "asynckit": {
      "version": "0.4.0",
      "resolved": "http://artifactory.shuttercorp.net/artifactory/api/npm/npm-composite/asynckit/-/asynckit-0.4.0.tgz",
      "integrity": "sha1-x57Zf380y48robyXkLzDZkdLS3k=",
      "dev": true
    },
    "aws-sign2": {
      "version": "0.7.0",
      "resolved": "http://artifactory.shuttercorp.net/artifactory/api/npm/npm-composite/aws-sign2/-/aws-sign2-0.7.0.tgz",
      "integrity": "sha1-tG6JCTSpWR8tL2+G1+ap8bP+dqg=",
      "dev": true
    },
    "aws4": {
      "version": "1.9.1",
      "resolved": "http://artifactory.shuttercorp.net/artifactory/api/npm/npm-composite/aws4/-/aws4-1.9.1.tgz",
      "integrity": "sha1-fjPY99RJs/ZzzXLeuavcVS2+Uo4=",
      "dev": true
    },
    "bcrypt-pbkdf": {
      "version": "1.0.2",
      "resolved": "http://artifactory.shuttercorp.net/artifactory/api/npm/npm-composite/bcrypt-pbkdf/-/bcrypt-pbkdf-1.0.2.tgz",
      "integrity": "sha1-pDAdOJtqQ/m2f/PKEaP2Y342Dp4=",
      "dev": true,
      "requires": {
        "tweetnacl": "^0.14.3"
      }
    },
    "bluebird": {
      "version": "3.7.2",
      "resolved": "http://artifactory.shuttercorp.net/artifactory/api/npm/npm-composite/bluebird/-/bluebird-3.7.2.tgz",
      "integrity": "sha1-nyKcFb4nJFT/qXOs4NvueaGww28=",
      "dev": true
    },
    "caseless": {
      "version": "0.12.0",
      "resolved": "http://artifactory.shuttercorp.net/artifactory/api/npm/npm-composite/caseless/-/caseless-0.12.0.tgz",
      "integrity": "sha1-G2gcIf+EAzyCZUMJBolCDRhxUdw=",
      "dev": true
    },
    "combined-stream": {
      "version": "1.0.8",
      "resolved": "http://artifactory.shuttercorp.net/artifactory/api/npm/npm-composite/combined-stream/-/combined-stream-1.0.8.tgz",
      "integrity": "sha1-w9RaizT9cwYxoRCoolIGgrMdWn8=",
      "dev": true,
      "requires": {
        "delayed-stream": "~1.0.0"
      }
    },
    "config": {
      "version": "3.2.5",
      "resolved": "http://artifactory.shuttercorp.net/artifactory/api/npm/npm-composite/config/-/config-3.2.5.tgz",
      "integrity": "sha1-qxCriLYahz+/ml8Ma0oidQQi8kM=",
      "dev": true,
      "requires": {
        "json5": "^1.0.1"
      }
    },
    "core-util-is": {
      "version": "1.0.2",
      "resolved": "http://artifactory.shuttercorp.net/artifactory/api/npm/npm-composite/core-util-is/-/core-util-is-1.0.2.tgz",
      "integrity": "sha1-tf1UIgqivFq1eqtxQMlAdUUDwac=",
      "dev": true
    },
    "dashdash": {
      "version": "1.14.1",
      "resolved": "http://artifactory.shuttercorp.net/artifactory/api/npm/npm-composite/dashdash/-/dashdash-1.14.1.tgz",
      "integrity": "sha1-hTz6D3y+L+1d4gMmuN1YEDX24vA=",
      "dev": true,
      "requires": {
        "assert-plus": "^1.0.0"
      }
    },
    "delayed-stream": {
      "version": "1.0.0",
      "resolved": "http://artifactory.shuttercorp.net/artifactory/api/npm/npm-composite/delayed-stream/-/delayed-stream-1.0.0.tgz",
      "integrity": "sha1-3zrhmayt+31ECqrgsp4icrJOxhk=",
      "dev": true
    },
    "ecc-jsbn": {
      "version": "0.1.2",
      "resolved": "http://artifactory.shuttercorp.net/artifactory/api/npm/npm-composite/ecc-jsbn/-/ecc-jsbn-0.1.2.tgz",
      "integrity": "sha1-OoOpBOVDUyh4dMVkt1SThoSamMk=",
      "dev": true,
      "requires": {
        "jsbn": "~0.1.0",
        "safer-buffer": "^2.1.0"
      }
    },
    "extend": {
      "version": "3.0.2",
      "resolved": "http://artifactory.shuttercorp.net/artifactory/api/npm/npm-composite/extend/-/extend-3.0.2.tgz",
      "integrity": "sha1-+LETa0Bx+9jrFAr/hYsQGewpFfo=",
      "dev": true
    },
    "extsprintf": {
      "version": "1.3.0",
      "resolved": "http://artifactory.shuttercorp.net/artifactory/api/npm/npm-composite/extsprintf/-/extsprintf-1.3.0.tgz",
      "integrity": "sha1-lpGEQOMEGnpBT4xS48V06zw+HgU=",
      "dev": true
    },
    "fast-deep-equal": {
      "version": "2.0.1",
      "resolved": "http://artifactory.shuttercorp.net/artifactory/api/npm/npm-composite/fast-deep-equal/-/fast-deep-equal-2.0.1.tgz",
      "integrity": "sha1-ewUhjd+WZ79/Nwv3/bLLFf3Qqkk=",
      "dev": true
    },
    "fast-json-stable-stringify": {
      "version": "2.1.0",
      "resolved": "http://artifactory.shuttercorp.net/artifactory/api/npm/npm-composite/fast-json-stable-stringify/-/fast-json-stable-stringify-2.1.0.tgz",
      "integrity": "sha1-h0v2nG9ATCtdmcSBNBOZ/VWJJjM=",
      "dev": true
    },
    "forever-agent": {
      "version": "0.6.1",
      "resolved": "http://artifactory.shuttercorp.net/artifactory/api/npm/npm-composite/forever-agent/-/forever-agent-0.6.1.tgz",
      "integrity": "sha1-+8cfDEGt6zf5bFd60e1C2P2sypE=",
      "dev": true
    },
    "form-data": {
      "version": "2.3.3",
      "resolved": "http://artifactory.shuttercorp.net/artifactory/api/npm/npm-composite/form-data/-/form-data-2.3.3.tgz",
      "integrity": "sha1-3M5SwF9kTymManq5Nr1yTO/786Y=",
      "dev": true,
      "requires": {
        "asynckit": "^0.4.0",
        "combined-stream": "^1.0.6",
        "mime-types": "^2.1.12"
      }
    },
    "getpass": {
      "version": "0.1.7",
      "resolved": "http://artifactory.shuttercorp.net/artifactory/api/npm/npm-composite/getpass/-/getpass-0.1.7.tgz",
      "integrity": "sha1-Xv+OPmhNVprkyysSgmBOi6YhSfo=",
      "dev": true,
      "requires": {
        "assert-plus": "^1.0.0"
      }
    },
    "har-schema": {
      "version": "2.0.0",
      "resolved": "http://artifactory.shuttercorp.net/artifactory/api/npm/npm-composite/har-schema/-/har-schema-2.0.0.tgz",
      "integrity": "sha1-qUwiJOvKwEeCoNkDVSHyRzW37JI=",
      "dev": true
    },
    "har-validator": {
      "version": "5.1.3",
      "resolved": "http://artifactory.shuttercorp.net/artifactory/api/npm/npm-composite/har-validator/-/har-validator-5.1.3.tgz",
      "integrity": "sha1-HvievT5JllV2de7ZiTEQ3DUPoIA=",
      "dev": true,
      "requires": {
        "ajv": "^6.5.5",
        "har-schema": "^2.0.0"
      }
    },
    "http-signature": {
      "version": "1.2.0",
      "resolved": "http://artifactory.shuttercorp.net/artifactory/api/npm/npm-composite/http-signature/-/http-signature-1.2.0.tgz",
      "integrity": "sha1-muzZJRFHcvPZW2WmCruPfBj7rOE=",
      "dev": true,
      "requires": {
        "assert-plus": "^1.0.0",
        "jsprim": "^1.2.2",
        "sshpk": "^1.7.0"
      }
    },
    "inherits": {
      "version": "2.0.3",
      "resolved": "http://artifactory.shuttercorp.net/artifactory/api/npm/npm-composite/inherits/-/inherits-2.0.3.tgz",
      "integrity": "sha1-Yzwsg+PaQqUC9SRmAiSA9CCCYd4=",
      "dev": true
    },
    "is-typedarray": {
      "version": "1.0.0",
      "resolved": "http://artifactory.shuttercorp.net/artifactory/api/npm/npm-composite/is-typedarray/-/is-typedarray-1.0.0.tgz",
      "integrity": "sha1-5HnICFjfDBsR3dppQPlgEfzaSpo=",
      "dev": true
    },
    "isstream": {
      "version": "0.1.2",
      "resolved": "http://artifactory.shuttercorp.net/artifactory/api/npm/npm-composite/isstream/-/isstream-0.1.2.tgz",
      "integrity": "sha1-R+Y/evVa+m+S4VAOaQ64uFKcCZo=",
      "dev": true
    },
    "jsbn": {
      "version": "0.1.1",
      "resolved": "http://artifactory.shuttercorp.net/artifactory/api/npm/npm-composite/jsbn/-/jsbn-0.1.1.tgz",
      "integrity": "sha1-peZUwuWi3rXyAdls77yoDA7y9RM=",
      "dev": true
    },
    "json-schema": {
      "version": "0.2.3",
      "resolved": "http://artifactory.shuttercorp.net/artifactory/api/npm/npm-composite/json-schema/-/json-schema-0.2.3.tgz",
      "integrity": "sha1-tIDIkuWaLwWVTOcnvT8qTogvnhM=",
      "dev": true
    },
    "json-schema-traverse": {
      "version": "0.4.1",
      "resolved": "http://artifactory.shuttercorp.net/artifactory/api/npm/npm-composite/json-schema-traverse/-/json-schema-traverse-0.4.1.tgz",
      "integrity": "sha1-afaofZUTq4u4/mO9sJecRI5oRmA=",
      "dev": true
    },
    "json-stringify-safe": {
      "version": "5.0.1",
      "resolved": "http://artifactory.shuttercorp.net/artifactory/api/npm/npm-composite/json-stringify-safe/-/json-stringify-safe-5.0.1.tgz",
      "integrity": "sha1-Epai1Y/UXxmg9s4B1lcB4sc1tus=",
      "dev": true
    },
    "json5": {
      "version": "1.0.1",
      "resolved": "http://artifactory.shuttercorp.net/artifactory/api/npm/npm-composite/json5/-/json5-1.0.1.tgz",
      "integrity": "sha1-d5+wAYYE+oVOrL9iUhgNg1Q+Pb4=",
      "dev": true,
      "requires": {
        "minimist": "^1.2.0"
      }
    },
    "jsprim": {
      "version": "1.4.1",
      "resolved": "http://artifactory.shuttercorp.net/artifactory/api/npm/npm-composite/jsprim/-/jsprim-1.4.1.tgz",
      "integrity": "sha1-MT5mvB5cwG5Di8G3SZwuXFastqI=",
      "dev": true,
      "requires": {
        "assert-plus": "1.0.0",
        "extsprintf": "1.3.0",
        "json-schema": "0.2.3",
        "verror": "1.10.0"
      }
    },
    "lodash": {
      "version": "4.17.15",
      "resolved": "http://artifactory.shuttercorp.net/artifactory/api/npm/npm-composite/lodash/-/lodash-4.17.15.tgz",
      "integrity": "sha1-tEf2ZwoEVbv+7dETku/zMOoJdUg=",
      "dev": true
    },
    "mime-db": {
      "version": "1.43.0",
      "resolved": "http://artifactory.shuttercorp.net/artifactory/api/npm/npm-composite/mime-db/-/mime-db-1.43.0.tgz",
      "integrity": "sha1-ChLgUCZQ5HPXNVNQUOfI9OtPrlg=",
      "dev": true
    },
    "mime-types": {
      "version": "2.1.26",
      "resolved": "http://artifactory.shuttercorp.net/artifactory/api/npm/npm-composite/mime-types/-/mime-types-2.1.26.tgz",
      "integrity": "sha1-nJIfwJt+FJpl39wNpNIJlyALCgY=",
      "dev": true,
      "requires": {
        "mime-db": "1.43.0"
      }
    },
    "minimist": {
      "version": "1.2.0",
      "resolved": "http://artifactory.shuttercorp.net/artifactory/api/npm/npm-composite/minimist/-/minimist-1.2.0.tgz",
      "integrity": "sha1-o1AIsg9BOD7sH7kU9M1d95omQoQ=",
      "dev": true
    },
    "oauth-sign": {
      "version": "0.9.0",
      "resolved": "http://artifactory.shuttercorp.net/artifactory/api/npm/npm-composite/oauth-sign/-/oauth-sign-0.9.0.tgz",
      "integrity": "sha1-R6ewFrqmi1+g7PPe4IqFxnmsZFU=",
      "dev": true
    },
    "p-finally": {
      "version": "1.0.0",
      "resolved": "http://artifactory.shuttercorp.net/artifactory/api/npm/npm-composite/p-finally/-/p-finally-1.0.0.tgz",
      "integrity": "sha1-P7z7FbiZpEEjs0ttzBi3JDNqLK4=",
      "dev": true
    },
    "p-timeout": {
      "version": "3.2.0",
      "resolved": "http://artifactory.shuttercorp.net/artifactory/api/npm/npm-composite/p-timeout/-/p-timeout-3.2.0.tgz",
      "integrity": "sha1-x+F6vJcdKnli74NiazXWNazyPf4=",
      "dev": true,
      "requires": {
        "p-finally": "^1.0.0"
      }
    },
    "p-wait-for": {
      "version": "3.1.0",
      "resolved": "http://artifactory.shuttercorp.net/artifactory/api/npm/npm-composite/p-wait-for/-/p-wait-for-3.1.0.tgz",
      "integrity": "sha1-naVooq3aPqgXWjxD9GpTF+KMDkc=",
      "dev": true,
      "requires": {
        "p-timeout": "^3.0.0"
      }
    },
    "path": {
      "version": "0.12.7",
      "resolved": "http://artifactory.shuttercorp.net/artifactory/api/npm/npm-composite/path/-/path-0.12.7.tgz",
      "integrity": "sha1-1NwqUGxM4hl+tIHr/NWzbAFAsQ8=",
      "dev": true,
      "requires": {
        "process": "^0.11.1",
        "util": "^0.10.3"
      }
    },
    "performance-now": {
      "version": "2.1.0",
      "resolved": "http://artifactory.shuttercorp.net/artifactory/api/npm/npm-composite/performance-now/-/performance-now-2.1.0.tgz",
      "integrity": "sha1-Ywn04OX6kT7BxpMHrjZLSzd8nns=",
      "dev": true
    },
    "process": {
      "version": "0.11.10",
      "resolved": "http://artifactory.shuttercorp.net/artifactory/api/npm/npm-composite/process/-/process-0.11.10.tgz",
      "integrity": "sha1-czIwDoQBYb2j5podHZGn1LwW8YI=",
      "dev": true
    },
    "psl": {
      "version": "1.7.0",
      "resolved": "http://artifactory.shuttercorp.net/artifactory/api/npm/npm-composite/psl/-/psl-1.7.0.tgz",
      "integrity": "sha1-8cTEeo75cWfepda79IFtc26ISjw=",
      "dev": true
    },
    "punycode": {
      "version": "2.1.1",
      "resolved": "http://artifactory.shuttercorp.net/artifactory/api/npm/npm-composite/punycode/-/punycode-2.1.1.tgz",
      "integrity": "sha1-tYsBCsQMIsVldhbI0sLALHv0eew=",
      "dev": true
    },
    "qs": {
      "version": "6.5.2",
      "resolved": "http://artifactory.shuttercorp.net/artifactory/api/npm/npm-composite/qs/-/qs-6.5.2.tgz",
      "integrity": "sha1-yzroBuh0BERYTvFUzo7pjUA/PjY=",
      "dev": true
    },
    "request": {
      "version": "2.88.0",
      "resolved": "http://artifactory.shuttercorp.net/artifactory/api/npm/npm-composite/request/-/request-2.88.0.tgz",
      "integrity": "sha1-nC/KT301tZLv5Xx/ClXoEFIST+8=",
      "dev": true,
      "requires": {
        "aws-sign2": "~0.7.0",
        "aws4": "^1.8.0",
        "caseless": "~0.12.0",
        "combined-stream": "~1.0.6",
        "extend": "~3.0.2",
        "forever-agent": "~0.6.1",
        "form-data": "~2.3.2",
        "har-validator": "~5.1.0",
        "http-signature": "~1.2.0",
        "is-typedarray": "~1.0.0",
        "isstream": "~0.1.2",
        "json-stringify-safe": "~5.0.1",
        "mime-types": "~2.1.19",
        "oauth-sign": "~0.9.0",
        "performance-now": "^2.1.0",
        "qs": "~6.5.2",
        "safe-buffer": "^5.1.2",
        "tough-cookie": "~2.4.3",
        "tunnel-agent": "^0.6.0",
        "uuid": "^3.3.2"
      },
      "dependencies": {
        "punycode": {
          "version": "1.4.1",
          "resolved": "http://artifactory.shuttercorp.net/artifactory/api/npm/npm-composite/punycode/-/punycode-1.4.1.tgz",
          "integrity": "sha1-wNWmOycYgArY4esPpSachN1BhF4=",
          "dev": true
        },
        "tough-cookie": {
          "version": "2.4.3",
          "resolved": "http://artifactory.shuttercorp.net/artifactory/api/npm/npm-composite/tough-cookie/-/tough-cookie-2.4.3.tgz",
          "integrity": "sha1-U/Nto/R3g7CSWvoG/587FlKA94E=",
          "dev": true,
          "requires": {
            "psl": "^1.1.24",
            "punycode": "^1.4.1"
          }
        }
      }
    },
    "request-promise": {
      "version": "4.2.5",
      "resolved": "http://artifactory.shuttercorp.net/artifactory/api/npm/npm-composite/request-promise/-/request-promise-4.2.5.tgz",
      "integrity": "sha1-GGIixZrlEvNJff5NdanIRhvQBTw=",
      "dev": true,
      "requires": {
        "bluebird": "^3.5.0",
        "request-promise-core": "1.1.3",
        "stealthy-require": "^1.1.1",
        "tough-cookie": "^2.3.3"
      }
    },
    "request-promise-core": {
      "version": "1.1.3",
      "resolved": "http://artifactory.shuttercorp.net/artifactory/api/npm/npm-composite/request-promise-core/-/request-promise-core-1.1.3.tgz",
      "integrity": "sha1-6aPAgbUTgN/qZ3M2Bh/qh5qCnuk=",
      "dev": true,
      "requires": {
        "lodash": "^4.17.15"
      }
    },
    "safe-buffer": {
      "version": "5.2.0",
      "resolved": "http://artifactory.shuttercorp.net/artifactory/api/npm/npm-composite/safe-buffer/-/safe-buffer-5.2.0.tgz",
      "integrity": "sha1-t02uxJsRSPiMZLaNSbHoFcHy9Rk=",
      "dev": true
    },
    "safer-buffer": {
      "version": "2.1.2",
      "resolved": "http://artifactory.shuttercorp.net/artifactory/api/npm/npm-composite/safer-buffer/-/safer-buffer-2.1.2.tgz",
      "integrity": "sha1-RPoWGwGHuVSd2Eu5GAL5vYOFzWo=",
      "dev": true
    },
    "sshpk": {
      "version": "1.16.1",
      "resolved": "http://artifactory.shuttercorp.net/artifactory/api/npm/npm-composite/sshpk/-/sshpk-1.16.1.tgz",
      "integrity": "sha1-+2YcC+8ps520B2nuOfpwCT1vaHc=",
      "dev": true,
      "requires": {
        "asn1": "~0.2.3",
        "assert-plus": "^1.0.0",
        "bcrypt-pbkdf": "^1.0.0",
        "dashdash": "^1.12.0",
        "ecc-jsbn": "~0.1.1",
        "getpass": "^0.1.1",
        "jsbn": "~0.1.0",
        "safer-buffer": "^2.0.2",
        "tweetnacl": "~0.14.0"
      }
    },
    "stealthy-require": {
      "version": "1.1.1",
      "resolved": "http://artifactory.shuttercorp.net/artifactory/api/npm/npm-composite/stealthy-require/-/stealthy-require-1.1.1.tgz",
      "integrity": "sha1-NbCYdbT/SfJqd35QmzCQoyJr8ks=",
      "dev": true
    },
    "tough-cookie": {
      "version": "2.5.0",
      "resolved": "http://artifactory.shuttercorp.net/artifactory/api/npm/npm-composite/tough-cookie/-/tough-cookie-2.5.0.tgz",
      "integrity": "sha1-zZ+yoKodWhK0c72fuW+j3P9lreI=",
      "dev": true,
      "requires": {
        "psl": "^1.1.28",
        "punycode": "^2.1.1"
      }
    },
    "tunnel-agent": {
      "version": "0.6.0",
      "resolved": "http://artifactory.shuttercorp.net/artifactory/api/npm/npm-composite/tunnel-agent/-/tunnel-agent-0.6.0.tgz",
      "integrity": "sha1-J6XeoGs2sEoKmWZ3SykIaPD8QP0=",
      "dev": true,
      "requires": {
        "safe-buffer": "^5.0.1"
      }
    },
    "tweetnacl": {
      "version": "0.14.5",
      "resolved": "http://artifactory.shuttercorp.net/artifactory/api/npm/npm-composite/tweetnacl/-/tweetnacl-0.14.5.tgz",
      "integrity": "sha1-WuaBd/GS1EViadEIr6k/+HQ/T2Q=",
      "dev": true
    },
    "uri-js": {
      "version": "4.2.2",
      "resolved": "http://artifactory.shuttercorp.net/artifactory/api/npm/npm-composite/uri-js/-/uri-js-4.2.2.tgz",
      "integrity": "sha1-lMVA4f93KVbiKZUHwBCupsiDjrA=",
      "dev": true,
      "requires": {
        "punycode": "^2.1.0"
      }
    },
    "util": {
      "version": "0.10.4",
      "resolved": "http://artifactory.shuttercorp.net/artifactory/api/npm/npm-composite/util/-/util-0.10.4.tgz",
      "integrity": "sha1-OqASW/5mikZy3liFfTrOJ+y3aQE=",
      "dev": true,
      "requires": {
        "inherits": "2.0.3"
      }
    },
    "uuid": {
      "version": "3.4.0",
      "resolved": "http://artifactory.shuttercorp.net/artifactory/api/npm/npm-composite/uuid/-/uuid-3.4.0.tgz",
      "integrity": "sha1-sj5DWK+oogL+ehAK8fX4g/AgB+4=",
      "dev": true
    },
    "verror": {
      "version": "1.10.0",
      "resolved": "http://artifactory.shuttercorp.net/artifactory/api/npm/npm-composite/verror/-/verror-1.10.0.tgz",
      "integrity": "sha1-OhBcoXBTr1XW4nDB+CiGguGNpAA=",
      "dev": true,
      "requires": {
        "assert-plus": "^1.0.0",
        "core-util-is": "1.0.2",
        "extsprintf": "^1.2.0"
      }
    }
  }
}
